{
  "originHash" : "9ea158df2d68871401a02aecfd29832fff23bc94a55596dcd08e96e868246d37",
  "pins" : [
    {
      "identity" : "constructors",
      "kind" : "remoteSourceControl",
      "location" : "https://github.com/leviouwendijk/Constructors.git",
      "state" : {
        "branch" : "master",
        "revision" : "75e888e05ab0a84a4d3e2e2cffd1466bdd0de04c"
      }
    },
    {
      "identity" : "extensions",
      "kind" : "remoteSourceControl",
      "location" : "https://github.com/leviouwendijk/Extensions.git",
      "state" : {
        "branch" : "master",
        "revision" : "2670525e08c06638511e3b6a58093efbcc0d78f3"
      }
    },
    {
      "identity" : "plate",
      "kind" : "remoteSourceControl",
      "location" : "https://github.com/leviouwendijk/plate.git",
      "state" : {
        "branch" : "master",
        "revision" : "c79b2e37d1502d3046b1429dedf018e1b8fc2cf4"
      }
    },
    {
      "identity" : "structures",
      "kind" : "remoteSourceControl",
      "location" : "https://github.com/leviouwendijk/Structures.git",
      "state" : {
        "branch" : "master",
        "revision" : "1e32ad705aa4c84c2c680e61e8de2b18565470e6"
      }
    }
  ],
  "version" : 3
}
