{
  "originHash" : "f9866544f79017516a6b1822316d53c40a37ad972339fce97b4ee41a39e4f22c",
  "pins" : [
    {
      "identity" : "plate",
      "kind" : "remoteSourceControl",
      "location" : "https://github.com/leviouwendijk/plate.git",
      "state" : {
        "branch" : "master",
        "revision" : "dd0a699b6cb7acf6433cfdd0a9880eef4d157045"
      }
    }
  ],
  "version" : 3
}
